// !$*UTF8*$!
{
	archiveVersion = 1;
	classes = {
	};
	objectVersion = 46;
	objects = {

/* Begin PBXBuildFile section */
		59C7BE851A97688700EFF814 /* AppDelegate.swift in Sources */ = {isa = PBXBuildFile; fileRef = 59C7BE841A97688700EFF814 /* AppDelegate.swift */; };
		59C7BE871A97688700EFF814 /* CalendarViewController.swift in Sources */ = {isa = PBXBuildFile; fileRef = 59C7BE861A97688700EFF814 /* CalendarViewController.swift */; };
		59C7BE8A1A97688700EFF814 /* Main.storyboard in Resources */ = {isa = PBXBuildFile; fileRef = 59C7BE881A97688700EFF814 /* Main.storyboard */; };
		59C7BE8C1A97688700EFF814 /* Images.xcassets in Resources */ = {isa = PBXBuildFile; fileRef = 59C7BE8B1A97688700EFF814 /* Images.xcassets */; };
		59C7BE8F1A97688700EFF814 /* LaunchScreen.xib in Resources */ = {isa = PBXBuildFile; fileRef = 59C7BE8D1A97688700EFF814 /* LaunchScreen.xib */; };
		59C7BE9B1A97688700EFF814 /* CalendarViewTests.swift in Sources */ = {isa = PBXBuildFile; fileRef = 59C7BE9A1A97688700EFF814 /* CalendarViewTests.swift */; };
		59C7BEA71A9CD26E00EFF814 /* CalendarView.swift in Sources */ = {isa = PBXBuildFile; fileRef = 59C7BEA61A9CD26E00EFF814 /* CalendarView.swift */; };
		59C7BEA91A9DEB5A00EFF814 /* CalendarData.swift in Sources */ = {isa = PBXBuildFile; fileRef = 59C7BEA81A9DEB5A00EFF814 /* CalendarData.swift */; };
/* End PBXBuildFile section */

/* Begin PBXContainerItemProxy section */
		59C7BE951A97688700EFF814 /* PBXContainerItemProxy */ = {
			isa = PBXContainerItemProxy;
			containerPortal = 59C7BE771A97688700EFF814 /* Project object */;
			proxyType = 1;
			remoteGlobalIDString = 59C7BE7E1A97688700EFF814;
			remoteInfo = CalendarView;
		};
/* End PBXContainerItemProxy section */

/* Begin PBXFileReference section */
		59C7BE7F1A97688700EFF814 /* CalendarView.app */ = {isa = PBXFileReference; explicitFileType = wrapper.application; includeInIndex = 0; path = CalendarView.app; sourceTree = BUILT_PRODUCTS_DIR; };
		59C7BE831A97688700EFF814 /* Info.plist */ = {isa = PBXFileReference; lastKnownFileType = text.plist.xml; path = Info.plist; sourceTree = "<group>"; };
		59C7BE841A97688700EFF814 /* AppDelegate.swift */ = {isa = PBXFileReference; lastKnownFileType = sourcecode.swift; path = AppDelegate.swift; sourceTree = "<group>"; };
		59C7BE861A97688700EFF814 /* CalendarViewController.swift */ = {isa = PBXFileReference; lastKnownFileType = sourcecode.swift; path = CalendarViewController.swift; sourceTree = "<group>"; };
		59C7BE891A97688700EFF814 /* Base */ = {isa = PBXFileReference; lastKnownFileType = file.storyboard; name = Base; path = Base.lproj/Main.storyboard; sourceTree = "<group>"; };
		59C7BE8B1A97688700EFF814 /* Images.xcassets */ = {isa = PBXFileReference; lastKnownFileType = folder.assetcatalog; path = Images.xcassets; sourceTree = "<group>"; };
		59C7BE8E1A97688700EFF814 /* Base */ = {isa = PBXFileReference; lastKnownFileType = file.xib; name = Base; path = Base.lproj/LaunchScreen.xib; sourceTree = "<group>"; };
		59C7BE941A97688700EFF814 /* CalendarViewTests.xctest */ = {isa = PBXFileReference; explicitFileType = wrapper.cfbundle; includeInIndex = 0; path = CalendarViewTests.xctest; sourceTree = BUILT_PRODUCTS_DIR; };
		59C7BE991A97688700EFF814 /* Info.plist */ = {isa = PBXFileReference; lastKnownFileType = text.plist.xml; path = Info.plist; sourceTree = "<group>"; };
		59C7BE9A1A97688700EFF814 /* CalendarViewTests.swift */ = {isa = PBXFileReference; lastKnownFileType = sourcecode.swift; path = CalendarViewTests.swift; sourceTree = "<group>"; };
		59C7BEA61A9CD26E00EFF814 /* CalendarView.swift */ = {isa = PBXFileReference; fileEncoding = 4; lastKnownFileType = sourcecode.swift; path = CalendarView.swift; sourceTree = "<group>"; };
		59C7BEA81A9DEB5A00EFF814 /* CalendarData.swift */ = {isa = PBXFileReference; fileEncoding = 4; lastKnownFileType = sourcecode.swift; path = CalendarData.swift; sourceTree = "<group>"; };
/* End PBXFileReference section */

/* Begin PBXFrameworksBuildPhase section */
		59C7BE7C1A97688700EFF814 /* Frameworks */ = {
			isa = PBXFrameworksBuildPhase;
			buildActionMask = 2147483647;
			files = (
			);
			runOnlyForDeploymentPostprocessing = 0;
		};
		59C7BE911A97688700EFF814 /* Frameworks */ = {
			isa = PBXFrameworksBuildPhase;
			buildActionMask = 2147483647;
			files = (
			);
			runOnlyForDeploymentPostprocessing = 0;
		};
/* End PBXFrameworksBuildPhase section */

/* Begin PBXGroup section */
		59C7BE761A97688700EFF814 = {
			isa = PBXGroup;
			children = (
				59C7BE811A97688700EFF814 /* CalendarView */,
				59C7BE971A97688700EFF814 /* CalendarViewTests */,
				59C7BE801A97688700EFF814 /* Products */,
			);
			sourceTree = "<group>";
		};
		59C7BE801A97688700EFF814 /* Products */ = {
			isa = PBXGroup;
			children = (
				59C7BE7F1A97688700EFF814 /* CalendarView.app */,
				59C7BE941A97688700EFF814 /* CalendarViewTests.xctest */,
			);
			name = Products;
			sourceTree = "<group>";
		};
		59C7BE811A97688700EFF814 /* CalendarView */ = {
			isa = PBXGroup;
			children = (
				59C7BE841A97688700EFF814 /* AppDelegate.swift */,
				59C7BE861A97688700EFF814 /* CalendarViewController.swift */,
				59C7BE881A97688700EFF814 /* Main.storyboard */,
				59C7BE8B1A97688700EFF814 /* Images.xcassets */,
				59C7BE8D1A97688700EFF814 /* LaunchScreen.xib */,
				59C7BE821A97688700EFF814 /* Supporting Files */,
				59C7BEA61A9CD26E00EFF814 /* CalendarView.swift */,
				59C7BEA81A9DEB5A00EFF814 /* CalendarData.swift */,
			);
			path = CalendarView;
			sourceTree = "<group>";
		};
		59C7BE821A97688700EFF814 /* Supporting Files */ = {
			isa = PBXGroup;
			children = (
				59C7BE831A97688700EFF814 /* Info.plist */,
			);
			name = "Supporting Files";
			sourceTree = "<group>";
		};
		59C7BE971A97688700EFF814 /* CalendarViewTests */ = {
			isa = PBXGroup;
			children = (
				59C7BE9A1A97688700EFF814 /* CalendarViewTests.swift */,
				59C7BE981A97688700EFF814 /* Supporting Files */,
			);
			path = CalendarViewTests;
			sourceTree = "<group>";
		};
		59C7BE981A97688700EFF814 /* Supporting Files */ = {
			isa = PBXGroup;
			children = (
				59C7BE991A97688700EFF814 /* Info.plist */,
			);
			name = "Supporting Files";
			sourceTree = "<group>";
		};
/* End PBXGroup section */

/* Begin PBXNativeTarget section */
		59C7BE7E1A97688700EFF814 /* CalendarView */ = {
			isa = PBXNativeTarget;
			buildConfigurationList = 59C7BE9E1A97688700EFF814 /* Build configuration list for PBXNativeTarget "CalendarView" */;
			buildPhases = (
				59C7BE7B1A97688700EFF814 /* Sources */,
				59C7BE7C1A97688700EFF814 /* Frameworks */,
				59C7BE7D1A97688700EFF814 /* Resources */,
			);
			buildRules = (
			);
			dependencies = (
			);
			name = CalendarView;
			productName = CalendarView;
			productReference = 59C7BE7F1A97688700EFF814 /* CalendarView.app */;
			productType = "com.apple.product-type.application";
		};
		59C7BE931A97688700EFF814 /* CalendarViewTests */ = {
			isa = PBXNativeTarget;
			buildConfigurationList = 59C7BEA11A97688700EFF814 /* Build configuration list for PBXNativeTarget "CalendarViewTests" */;
			buildPhases = (
				59C7BE901A97688700EFF814 /* Sources */,
				59C7BE911A97688700EFF814 /* Frameworks */,
				59C7BE921A97688700EFF814 /* Resources */,
			);
			buildRules = (
			);
			dependencies = (
				59C7BE961A97688700EFF814 /* PBXTargetDependency */,
			);
			name = CalendarViewTests;
			productName = CalendarViewTests;
			productReference = 59C7BE941A97688700EFF814 /* CalendarViewTests.xctest */;
			productType = "com.apple.product-type.bundle.unit-test";
		};
/* End PBXNativeTarget section */

/* Begin PBXProject section */
		59C7BE771A97688700EFF814 /* Project object */ = {
			isa = PBXProject;
			attributes = {
				LastUpgradeCheck = 0610;
				ORGANIZATIONNAME = "Tomoko Ogawa";
				TargetAttributes = {
					59C7BE7E1A97688700EFF814 = {
						CreatedOnToolsVersion = 6.1.1;
					};
					59C7BE931A97688700EFF814 = {
						CreatedOnToolsVersion = 6.1.1;
						TestTargetID = 59C7BE7E1A97688700EFF814;
					};
				};
			};
			buildConfigurationList = 59C7BE7A1A97688700EFF814 /* Build configuration list for PBXProject "CalendarView" */;
			compatibilityVersion = "Xcode 3.2";
			developmentRegion = English;
			hasScannedForEncodings = 0;
			knownRegions = (
				en,
				Base,
			);
			mainGroup = 59C7BE761A97688700EFF814;
			productRefGroup = 59C7BE801A97688700EFF814 /* Products */;
			projectDirPath = "";
			projectRoot = "";
			targets = (
				59C7BE7E1A97688700EFF814 /* CalendarView */,
				59C7BE931A97688700EFF814 /* CalendarViewTests */,
			);
		};
/* End PBXProject section */

/* Begin PBXResourcesBuildPhase section */
		59C7BE7D1A97688700EFF814 /* Resources */ = {
			isa = PBXResourcesBuildPhase;
			buildActionMask = 2147483647;
			files = (
				59C7BE8A1A97688700EFF814 /* Main.storyboard in Resources */,
				59C7BE8F1A97688700EFF814 /* LaunchScreen.xib in Resources */,
				59C7BE8C1A97688700EFF814 /* Images.xcassets in Resources */,
			);
			runOnlyForDeploymentPostprocessing = 0;
		};
		59C7BE921A97688700EFF814 /* Resources */ = {
			isa = PBXResourcesBuildPhase;
			buildActionMask = 2147483647;
			files = (
			);
			runOnlyForDeploymentPostprocessing = 0;
		};
/* End PBXResourcesBuildPhase section */

/* Begin PBXSourcesBuildPhase section */
		59C7BE7B1A97688700EFF814 /* Sources */ = {
			isa = PBXSourcesBuildPhase;
			buildActionMask = 2147483647;
			files = (
				59C7BE871A97688700EFF814 /* CalendarViewController.swift in Sources */,
				59C7BEA91A9DEB5A00EFF814 /* CalendarData.swift in Sources */,
				59C7BE851A97688700EFF814 /* AppDelegate.swift in Sources */,
				59C7BEA71A9CD26E00EFF814 /* CalendarView.swift in Sources */,
			);
			runOnlyForDeploymentPostprocessing = 0;
		};
		59C7BE901A97688700EFF814 /* Sources */ = {
			isa = PBXSourcesBuildPhase;
			buildActionMask = 2147483647;
			files = (
				59C7BE9B1A97688700EFF814 /* CalendarViewTests.swift in Sources */,
			);
			runOnlyForDeploymentPostprocessing = 0;
		};
/* End PBXSourcesBuildPhase section */

/* Begin PBXTargetDependency section */
		59C7BE961A97688700EFF814 /* PBXTargetDependency */ = {
			isa = PBXTargetDependency;
			target = 59C7BE7E1A97688700EFF814 /* CalendarView */;
			targetProxy = 59C7BE951A97688700EFF814 /* PBXContainerItemProxy */;
		};
/* End PBXTargetDependency section */

/* Begin PBXVariantGroup section */
		59C7BE881A97688700EFF814 /* Main.storyboard */ = {
			isa = PBXVariantGroup;
			children = (
				59C7BE891A97688700EFF814 /* Base */,
			);
			name = Main.storyboard;
			sourceTree = "<group>";
		};
		59C7BE8D1A97688700EFF814 /* LaunchScreen.xib */ = {
			isa = PBXVariantGroup;
			children = (
				59C7BE8E1A97688700EFF814 /* Base */,
			);
			name = LaunchScreen.xib;
			sourceTree = "<group>";
		};
/* End PBXVariantGroup section */

/* Begin XCBuildConfiguration section */
		59C7BE9C1A97688700EFF814 /* Debug */ = {
			isa = XCBuildConfiguration;
			buildSettings = {
				ALWAYS_SEARCH_USER_PATHS = NO;
				CLANG_CXX_LANGUAGE_STANDARD = "gnu++0x";
				CLANG_CXX_LIBRARY = "libc++";
				CLANG_ENABLE_MODULES = YES;
				CLANG_ENABLE_OBJC_ARC = YES;
				CLANG_WARN_BOOL_CONVERSION = YES;
				CLANG_WARN_CONSTANT_CONVERSION = YES;
				CLANG_WARN_DIRECT_OBJC_ISA_USAGE = YES_ERROR;
				CLANG_WARN_EMPTY_BODY = YES;
				CLANG_WARN_ENUM_CONVERSION = YES;
				CLANG_WARN_INT_CONVERSION = YES;
				CLANG_WARN_OBJC_ROOT_CLASS = YES_ERROR;
				CLANG_WARN_UNREACHABLE_CODE = YES;
				CLANG_WARN__DUPLICATE_METHOD_MATCH = YES;
				"CODE_SIGN_IDENTITY[sdk=iphoneos*]" = "iPhone Developer";
				COPY_PHASE_STRIP = NO;
				ENABLE_STRICT_OBJC_MSGSEND = YES;
				GCC_C_LANGUAGE_STANDARD = gnu99;
				GCC_DYNAMIC_NO_PIC = NO;
				GCC_OPTIMIZATION_LEVEL = 0;
				GCC_PREPROCESSOR_DEFINITIONS = (
					"DEBUG=1",
					"$(inherited)",
				);
				GCC_SYMBOLS_PRIVATE_EXTERN = NO;
				GCC_WARN_64_TO_32_BIT_CONVERSION = YES;
				GCC_WARN_ABOUT_RETURN_TYPE = YES_ERROR;
				GCC_WARN_UNDECLARED_SELECTOR = YES;
				GCC_WARN_UNINITIALIZED_AUTOS = YES_AGGRESSIVE;
				GCC_WARN_UNUSED_FUNCTION = YES;
				GCC_WARN_UNUSED_VARIABLE = YES;
				IPHONEOS_DEPLOYMENT_TARGET = 8.1;
				MTL_ENABLE_DEBUG_INFO = YES;
				ONLY_ACTIVE_ARCH = YES;
				SDKROOT = iphoneos;
				SWIFT_OPTIMIZATION_LEVEL = "-Onone";
			};
			name = Debug;
		};
		59C7BE9D1A97688700EFF814 /* Release */ = {
			isa = XCBuildConfiguration;
			buildSettings = {
				ALWAYS_SEARCH_USER_PATHS = NO;
				CLANG_CXX_LANGUAGE_STANDARD = "gnu++0x";
				CLANG_CXX_LIBRARY = "libc++";
				CLANG_ENABLE_MODULES = YES;
				CLANG_ENABLE_OBJC_ARC = YES;
				CLANG_WARN_BOOL_CONVERSION = YES;
				CLANG_WARN_CONSTANT_CONVERSION = YES;
				CLANG_WARN_DIRECT_OBJC_ISA_USAGE = YES_ERROR;
				CLANG_WARN_EMPTY_BODY = YES;
				CLANG_WARN_ENUM_CONVERSION = YES;
				CLANG_WARN_INT_CONVERSION = YES;
				CLANG_WARN_OBJC_ROOT_CLASS = YES_ERROR;
				CLANG_WARN_UNREACHABLE_CODE = YES;
				CLANG_WARN__DUPLICATE_METHOD_MATCH = YES;
				"CODE_SIGN_IDENTITY[sdk=iphoneos*]" = "iPhone Developer";
				COPY_PHASE_STRIP = YES;
				ENABLE_NS_ASSERTIONS = NO;
				ENABLE_STRICT_OBJC_MSGSEND = YES;
				GCC_C_LANGUAGE_STANDARD = gnu99;
				GCC_WARN_64_TO_32_BIT_CONVERSION = YES;
				GCC_WARN_ABOUT_RETURN_TYPE = YES_ERROR;
				GCC_WARN_UNDECLARED_SELECTOR = YES;
				GCC_WARN_UNINITIALIZED_AUTOS = YES_AGGRESSIVE;
				GCC_WARN_UNUSED_FUNCTION = YES;
				GCC_WARN_UNUSED_VARIABLE = YES;
				IPHONEOS_DEPLOYMENT_TARGET = 8.1;
				MTL_ENABLE_DEBUG_INFO = NO;
				SDKROOT = iphoneos;
				VALIDATE_PRODUCT = YES;
			};
			name = Release;
		};
		59C7BE9F1A97688700EFF814 /* Debug */ = {
			isa = XCBuildConfiguration;
			buildSettings = {
				ASSETCATALOG_COMPILER_APPICON_NAME = AppIcon;
				INFOPLIST_FILE = CalendarView/Info.plist;
				LD_RUNPATH_SEARCH_PATHS = "$(inherited) @executable_path/Frameworks";
				PRODUCT_NAME = "$(TARGET_NAME)";
				TARGETED_DEVICE_FAMILY = "1,2";
			};
			name = Debug;
		};
		59C7BEA01A97688700EFF814 /* Release */ = {
			isa = XCBuildConfiguration;
			buildSettings = {
				ASSETCATALOG_COMPILER_APPICON_NAME = AppIcon;
				INFOPLIST_FILE = CalendarView/Info.plist;
				LD_RUNPATH_SEARCH_PATHS = "$(inherited) @executable_path/Frameworks";
				PRODUCT_NAME = "$(TARGET_NAME)";
				TARGETED_DEVICE_FAMILY = "1,2";
			};
			name = Release;
		};
		59C7BEA21A97688700EFF814 /* Debug */ = {
			isa = XCBuildConfiguration;
			buildSettings = {
				BUNDLE_LOADER = "$(TEST_HOST)";
				FRAMEWORK_SEARCH_PATHS = (
					"$(SDKROOT)/Developer/Library/Frameworks",
					"$(inherited)",
				);
				GCC_PREPROCESSOR_DEFINITIONS = (
					"DEBUG=1",
					"$(inherited)",
				);
				INFOPLIST_FILE = CalendarViewTests/Info.plist;
				LD_RUNPATH_SEARCH_PATHS = "$(inherited) @executable_path/Frameworks @loader_path/Frameworks";
				PRODUCT_NAME = "$(TARGET_NAME)";
				TEST_HOST = "$(BUILT_PRODUCTS_DIR)/CalendarView.app/CalendarView";
			};
			name = Debug;
		};
		59C7BEA31A97688700EFF814 /* Release */ = {
			isa = XCBuildConfiguration;
			buildSettings = {
				BUNDLE_LOADER = "$(TEST_HOST)";
				FRAMEWORK_SEARCH_PATHS = (
					"$(SDKROOT)/Developer/Library/Frameworks",
					"$(inherited)",
				);
				INFOPLIST_FILE = CalendarViewTests/Info.plist;
				LD_RUNPATH_SEARCH_PATHS = "$(inherited) @executable_path/Frameworks @loader_path/Frameworks";
				PRODUCT_NAME = "$(TARGET_NAME)";
				TEST_HOST = "$(BUILT_PRODUCTS_DIR)/CalendarView.app/CalendarView";
			};
			name = Release;
		};
/* End XCBuildConfiguration section */

/* Begin XCConfigurationList section */
		59C7BE7A1A97688700EFF814 /* Build configuration list for PBXProject "CalendarView" */ = {
			isa = XCConfigurationList;
			buildConfigurations = (
				59C7BE9C1A97688700EFF814 /* Debug */,
				59C7BE9D1A97688700EFF814 /* Release */,
			);
			defaultConfigurationIsVisible = 0;
			defaultConfigurationName = Release;
		};
		59C7BE9E1A97688700EFF814 /* Build configuration list for PBXNativeTarget "CalendarView" */ = {
			isa = XCConfigurationList;
			buildConfigurations = (
				59C7BE9F1A97688700EFF814 /* Debug */,
				59C7BEA01A97688700EFF814 /* Release */,
			);
			defaultConfigurationIsVisible = 0;
		};
		59C7BEA11A97688700EFF814 /* Build configuration list for PBXNativeTarget "CalendarViewTests" */ = {
			isa = XCConfigurationList;
			buildConfigurations = (
				59C7BEA21A97688700EFF814 /* Debug */,
				59C7BEA31A97688700EFF814 /* Release */,
			);
			defaultConfigurationIsVisible = 0;
		};
/* End XCConfigurationList section */
	};
	rootObject = 59C7BE771A97688700EFF814 /* Project object */;
}
